lockfileVersion: '9.0'

settings:
  autoInstallPeers: true
  excludeLinksFromLockfile: false

importers:

  .:
    dependencies:
      '@radix-ui/react-slot':
        specifier: ^1.2.4
        version: 1.2.4(react@19.2.3)
      class-variance-authority:
        specifier: ^0.7.1
        version: 0.7.1
      clsx:
        specifier: ^2.1.1
        version: 2.1.1
      framer-motion:
        specifier: ^12.23.26
        version: 12.23.26(react@19.2.3)
      lucide-react:
        specifier: ^0.562.0
        version: 0.562.0(react@19.2.3)
      react:
        specifier: 19.2.3
        version: 19.2.3
      tailwind-merge:
        specifier: ^3.4.0
        version: 3.4.0

packages:

  '@radix-ui/react-compose-refs@1.1.2':
    resolution: {integrity: sha512-z4eqJvfiNnFMHIIvXP3CY57y2WJs5g2v3X0zm9mEJkrkNv4rDxu+sg9Jh8EkXyeqBkB7SOcboo9dMVqhyrACIg==}
    peerDependencies:
      '@types/react': '*'
      react: ^16.8 || ^17.0 || ^18.0 || ^19.0 || ^19.0.0-rc
    peerDependenciesMeta:
      '@types/react':
        optional: true

  '@radix-ui/react-slot@1.2.4':
    resolution: {integrity: sha512-Jl+bCv8HxKnlTLVrcDE8zTMJ09R9/ukw4qBs/oZClOfoQk/cOTbDn+NceXfV7j09YPVQUryJPHurafcSg6EVKA==}
    peerDependencies:
      '@types/react': '*'
      react: ^16.8 || ^17.0 || ^18.0 || ^19.0 || ^19.0.0-rc
    peerDependenciesMeta:
      '@types/react':
        optional: true

  class-variance-authority@0.7.1:
    resolution: {integrity: sha512-Ka+9Trutv7G8M6WT6SeiRWz792K5qEqIGEGzXKhAE6xOWAY6pPH8U+9IY3oCMv6kqTmLsv7Xh/2w2RigkePMsg==}

  clsx@2.1.1:
    resolution: {integrity: sha512-eYm0QWBtUrBWZWG0d386OGAw16Z995PiOVo2B7bjWSbHedGl5e0ZWaq65kOGgUSNesEIDkB9ISbTg/JK9dhCZA==}
    engines: {node: '>=6'}

  framer-motion@12.23.26:
    resolution: {integrity: sha512-cPcIhgR42xBn1Uj+PzOyheMtZ73H927+uWPDVhUMqxy8UHt6Okavb6xIz9J/phFUHUj0OncR6UvMfJTXoc/LKA==}
    peerDependencies:
      '@emotion/is-prop-valid': '*'
      react: ^18.0.0 || ^19.0.0
      react-dom: ^18.0.0 || ^19.0.0
    peerDependenciesMeta:
      '@emotion/is-prop-valid':
        optional: true
      react:
        optional: true
      react-dom:
        optional: true

  lucide-react@0.562.0:
    resolution: {integrity: sha512-82hOAu7y0dbVuFfmO4bYF1XEwYk/mEbM5E+b1jgci/udUBEE/R7LF5Ip0CCEmXe8AybRM8L+04eP+LGZeDvkiw==}
    peerDependencies:
      react: ^16.5.1 || ^17.0.0 || ^18.0.0 || ^19.0.0

  motion-dom@12.23.23:
    resolution: {integrity: sha512-n5yolOs0TQQBRUFImrRfs/+6X4p3Q4n1dUEqt/H58Vx7OW6RF+foWEgmTVDhIWJIMXOuNNL0apKH2S16en9eiA==}

  motion-utils@12.23.6:
    resolution: {integrity: sha512-eAWoPgr4eFEOFfg2WjIsMoqJTW6Z8MTUCgn/GZ3VRpClWBdnbjryiA3ZSNLyxCTmCQx4RmYX6jX1iWHbenUPNQ==}

  react@19.2.3:
    resolution: {integrity: sha512-Ku/hhYbVjOQnXDZFv2+RibmLFGwFdeeKHFcOTlrt7xplBnya5OGn/hIRDsqDiSUcfORsDC7MPxwork8jBwsIWA==}
    engines: {node: '>=0.10.0'}

  tailwind-merge@3.4.0:
    resolution: {integrity: sha512-uSaO4gnW+b3Y2aWoWfFpX62vn2sR3skfhbjsEnaBI81WD1wBLlHZe5sWf0AqjksNdYTbGBEd0UasQMT3SNV15g==}

  tslib@2.8.1:
    resolution: {integrity: sha512-oJFu94HQb+KVduSUQL7wnpmqnfmLsOA/nAh6b6EH0wCEoK0/mPeXU6c3wKDV83MkOuHPRHtSXKKU99IBazS/2w==}

snapshots:

  '@radix-ui/react-compose-refs@1.1.2(react@19.2.3)':
    dependencies:
      react: 19.2.3

  '@radix-ui/react-slot@1.2.4(react@19.2.3)':
    dependencies:
      '@radix-ui/react-compose-refs': 1.1.2(react@19.2.3)
      react: 19.2.3

  class-variance-authority@0.7.1:
    dependencies:
      clsx: 2.1.1

  clsx@2.1.1: {}

  framer-motion@12.23.26(react@19.2.3):
    dependencies:
      motion-dom: 12.23.23
      motion-utils: 12.23.6
      tslib: 2.8.1
    optionalDependencies:
      react: 19.2.3

  lucide-react@0.562.0(react@19.2.3):
    dependencies:
      react: 19.2.3

  motion-dom@12.23.23:
    dependencies:
      motion-utils: 12.23.6

  motion-utils@12.23.6: {}

  react@19.2.3: {}

  tailwind-merge@3.4.0: {}

  tslib@2.8.1: {}
